// !$*UTF8*$!
{
	archiveVersion = 1;
	classes = {
	};
	objectVersion = 50;
	objects = {

/* Begin PBXBuildFile section */
		843752D82452B6D000EC71AF /* AppDelegate.m in Sources */ = {isa = PBXBuildFile; fileRef = 843752D72452B6D000EC71AF /* AppDelegate.m */; };
		843752DB2452B6D000EC71AF /* SceneDelegate.m in Sources */ = {isa = PBXBuildFile; fileRef = 843752DA2452B6D000EC71AF /* SceneDelegate.m */; };
		843752DE2452B6D000EC71AF /* ViewController.m in Sources */ = {isa = PBXBuildFile; fileRef = 843752DD2452B6D000EC71AF /* ViewController.m */; };
		843752E12452B6D000EC71AF /* Main.storyboard in Resources */ = {isa = PBXBuildFile; fileRef = 843752DF2452B6D000EC71AF /* Main.storyboard */; };
		843752E32452B6D200EC71AF /* Assets.xcassets in Resources */ = {isa = PBXBuildFile; fileRef = 843752E22452B6D200EC71AF /* Assets.xcassets */; };
		843752E62452B6D200EC71AF /* LaunchScreen.storyboard in Resources */ = {isa = PBXBuildFile; fileRef = 843752E42452B6D200EC71AF /* LaunchScreen.storyboard */; };
		843752E92452B6D200EC71AF /* main.m in Sources */ = {isa = PBXBuildFile; fileRef = 843752E82452B6D200EC71AF /* main.m */; };
		843752F32452B6D200EC71AF /* YXFuncScrollViewTestTests.m in Sources */ = {isa = PBXBuildFile; fileRef = 843752F22452B6D200EC71AF /* YXFuncScrollViewTestTests.m */; };
		843752FE2452B6D200EC71AF /* YXFuncScrollViewTestUITests.m in Sources */ = {isa = PBXBuildFile; fileRef = 843752FD2452B6D200EC71AF /* YXFuncScrollViewTestUITests.m */; };
		848E9BCE2477CCF9008E6EA2 /* ShowDemoView.m in Sources */ = {isa = PBXBuildFile; fileRef = 848E9BCB2477CCF9008E6EA2 /* ShowDemoView.m */; };
		848E9BCF2477CCF9008E6EA2 /* ShowHeaderView.m in Sources */ = {isa = PBXBuildFile; fileRef = 848E9BCC2477CCF9008E6EA2 /* ShowHeaderView.m */; };
		848E9BDC2477CD49008E6EA2 /* YXFuncScrollBaseView.m in Sources */ = {isa = PBXBuildFile; fileRef = 848E9BD12477CD49008E6EA2 /* YXFuncScrollBaseView.m */; };
		848E9BDD2477CD49008E6EA2 /* YXFuncScrollBaseTabSecHeaderView.m in Sources */ = {isa = PBXBuildFile; fileRef = 848E9BD42477CD49008E6EA2 /* YXFuncScrollBaseTabSecHeaderView.m */; };
		848E9BDE2477CD49008E6EA2 /* YXFuncScrollBaseTabSecFooterView.m in Sources */ = {isa = PBXBuildFile; fileRef = 848E9BD72477CD49008E6EA2 /* YXFuncScrollBaseTabSecFooterView.m */; };
		848E9BDF2477CD49008E6EA2 /* YXFuncScrollBaseTabCell.m in Sources */ = {isa = PBXBuildFile; fileRef = 848E9BD92477CD49008E6EA2 /* YXFuncScrollBaseTabCell.m */; };
		848E9BE02477CD49008E6EA2 /* YXFuncScrollBaseTabView.m in Sources */ = {isa = PBXBuildFile; fileRef = 848E9BDA2477CD49008E6EA2 /* YXFuncScrollBaseTabView.m */; };
		848E9BE42477CDA4008E6EA2 /* YXFuncCycleScrollView.m in Sources */ = {isa = PBXBuildFile; fileRef = 848E9BE32477CDA4008E6EA2 /* YXFuncCycleScrollView.m */; };
		848E9BE72477CEC3008E6EA2 /* YXFuncPinScrollViewController.m in Sources */ = {isa = PBXBuildFile; fileRef = 848E9BE62477CEC3008E6EA2 /* YXFuncPinScrollViewController.m */; };
		848E9BEB2477D012008E6EA2 /* YXFuncCycleScrollViewVC.m in Sources */ = {isa = PBXBuildFile; fileRef = 848E9BEA2477D012008E6EA2 /* YXFuncCycleScrollViewVC.m */; };
		84EF3B1E247B971C00C3CD7A /* 1.png in Resources */ = {isa = PBXBuildFile; fileRef = 84EF3B16247B971C00C3CD7A /* 1.png */; };
		84EF3B1F247B971C00C3CD7A /* 4.png in Resources */ = {isa = PBXBuildFile; fileRef = 84EF3B17247B971C00C3CD7A /* 4.png */; };
		84EF3B20247B971C00C3CD7A /* 3.png in Resources */ = {isa = PBXBuildFile; fileRef = 84EF3B18247B971C00C3CD7A /* 3.png */; };
		84EF3B21247B971C00C3CD7A /* 8.png in Resources */ = {isa = PBXBuildFile; fileRef = 84EF3B19247B971C00C3CD7A /* 8.png */; };
		84EF3B22247B971C00C3CD7A /* 7.png in Resources */ = {isa = PBXBuildFile; fileRef = 84EF3B1A247B971C00C3CD7A /* 7.png */; };
		84EF3B23247B971C00C3CD7A /* 5.png in Resources */ = {isa = PBXBuildFile; fileRef = 84EF3B1B247B971C00C3CD7A /* 5.png */; };
		84EF3B24247B971C00C3CD7A /* 6.png in Resources */ = {isa = PBXBuildFile; fileRef = 84EF3B1C247B971C00C3CD7A /* 6.png */; };
		84EF3B25247B971C00C3CD7A /* 2.png in Resources */ = {isa = PBXBuildFile; fileRef = 84EF3B1D247B971C00C3CD7A /* 2.png */; };
		84EF3B2C247BA82200C3CD7A /* YXFuncCycleScrollViewValueModel.m in Sources */ = {isa = PBXBuildFile; fileRef = 84EF3B2A247BA82200C3CD7A /* YXFuncCycleScrollViewValueModel.m */; };
/* End PBXBuildFile section */

/* Begin PBXContainerItemProxy section */
		843752EF2452B6D200EC71AF /* PBXContainerItemProxy */ = {
			isa = PBXContainerItemProxy;
			containerPortal = 843752CB2452B6D000EC71AF /* Project object */;
			proxyType = 1;
			remoteGlobalIDString = 843752D22452B6D000EC71AF;
			remoteInfo = YXFuncScrollViewTest;
		};
		843752FA2452B6D200EC71AF /* PBXContainerItemProxy */ = {
			isa = PBXContainerItemProxy;
			containerPortal = 843752CB2452B6D000EC71AF /* Project object */;
			proxyType = 1;
			remoteGlobalIDString = 843752D22452B6D000EC71AF;
			remoteInfo = YXFuncScrollViewTest;
		};
/* End PBXContainerItemProxy section */

/* Begin PBXFileReference section */
		843752D32452B6D000EC71AF /* YXFuncScrollViewTest.app */ = {isa = PBXFileReference; explicitFileType = wrapper.application; includeInIndex = 0; path = YXFuncScrollViewTest.app; sourceTree = BUILT_PRODUCTS_DIR; };
		843752D62452B6D000EC71AF /* AppDelegate.h */ = {isa = PBXFileReference; lastKnownFileType = sourcecode.c.h; path = AppDelegate.h; sourceTree = "<group>"; };
		843752D72452B6D000EC71AF /* AppDelegate.m */ = {isa = PBXFileReference; lastKnownFileType = sourcecode.c.objc; path = AppDelegate.m; sourceTree = "<group>"; };
		843752D92452B6D000EC71AF /* SceneDelegate.h */ = {isa = PBXFileReference; lastKnownFileType = sourcecode.c.h; path = SceneDelegate.h; sourceTree = "<group>"; };
		843752DA2452B6D000EC71AF /* SceneDelegate.m */ = {isa = PBXFileReference; lastKnownFileType = sourcecode.c.objc; path = SceneDelegate.m; sourceTree = "<group>"; };
		843752DC2452B6D000EC71AF /* ViewController.h */ = {isa = PBXFileReference; lastKnownFileType = sourcecode.c.h; path = ViewController.h; sourceTree = "<group>"; };
		843752DD2452B6D000EC71AF /* ViewController.m */ = {isa = PBXFileReference; lastKnownFileType = sourcecode.c.objc; path = ViewController.m; sourceTree = "<group>"; };
		843752E02452B6D000EC71AF /* Base */ = {isa = PBXFileReference; lastKnownFileType = file.storyboard; name = Base; path = Base.lproj/Main.storyboard; sourceTree = "<group>"; };
		843752E22452B6D200EC71AF /* Assets.xcassets */ = {isa = PBXFileReference; lastKnownFileType = folder.assetcatalog; path = Assets.xcassets; sourceTree = "<group>"; };
		843752E52452B6D200EC71AF /* Base */ = {isa = PBXFileReference; lastKnownFileType = file.storyboard; name = Base; path = Base.lproj/LaunchScreen.storyboard; sourceTree = "<group>"; };
		843752E72452B6D200EC71AF /* Info.plist */ = {isa = PBXFileReference; lastKnownFileType = text.plist.xml; path = Info.plist; sourceTree = "<group>"; };
		843752E82452B6D200EC71AF /* main.m */ = {isa = PBXFileReference; lastKnownFileType = sourcecode.c.objc; path = main.m; sourceTree = "<group>"; };
		843752EE2452B6D200EC71AF /* YXFuncScrollViewTestTests.xctest */ = {isa = PBXFileReference; explicitFileType = wrapper.cfbundle; includeInIndex = 0; path = YXFuncScrollViewTestTests.xctest; sourceTree = BUILT_PRODUCTS_DIR; };
		843752F22452B6D200EC71AF /* YXFuncScrollViewTestTests.m */ = {isa = PBXFileReference; lastKnownFileType = sourcecode.c.objc; path = YXFuncScrollViewTestTests.m; sourceTree = "<group>"; };
		843752F42452B6D200EC71AF /* Info.plist */ = {isa = PBXFileReference; lastKnownFileType = text.plist.xml; path = Info.plist; sourceTree = "<group>"; };
		843752F92452B6D200EC71AF /* YXFuncScrollViewTestUITests.xctest */ = {isa = PBXFileReference; explicitFileType = wrapper.cfbundle; includeInIndex = 0; path = YXFuncScrollViewTestUITests.xctest; sourceTree = BUILT_PRODUCTS_DIR; };
		843752FD2452B6D200EC71AF /* YXFuncScrollViewTestUITests.m */ = {isa = PBXFileReference; lastKnownFileType = sourcecode.c.objc; path = YXFuncScrollViewTestUITests.m; sourceTree = "<group>"; };
		843752FF2452B6D200EC71AF /* Info.plist */ = {isa = PBXFileReference; lastKnownFileType = text.plist.xml; path = Info.plist; sourceTree = "<group>"; };
		848E9BCA2477CCF9008E6EA2 /* ShowHeaderView.h */ = {isa = PBXFileReference; fileEncoding = 4; lastKnownFileType = sourcecode.c.h; path = ShowHeaderView.h; sourceTree = "<group>"; };
		848E9BCB2477CCF9008E6EA2 /* ShowDemoView.m */ = {isa = PBXFileReference; fileEncoding = 4; lastKnownFileType = sourcecode.c.objc; path = ShowDemoView.m; sourceTree = "<group>"; };
		848E9BCC2477CCF9008E6EA2 /* ShowHeaderView.m */ = {isa = PBXFileReference; fileEncoding = 4; lastKnownFileType = sourcecode.c.objc; path = ShowHeaderView.m; sourceTree = "<group>"; };
		848E9BCD2477CCF9008E6EA2 /* ShowDemoView.h */ = {isa = PBXFileReference; fileEncoding = 4; lastKnownFileType = sourcecode.c.h; path = ShowDemoView.h; sourceTree = "<group>"; };
		848E9BD12477CD49008E6EA2 /* YXFuncScrollBaseView.m */ = {isa = PBXFileReference; fileEncoding = 4; lastKnownFileType = sourcecode.c.objc; path = YXFuncScrollBaseView.m; sourceTree = "<group>"; };
		848E9BD32477CD49008E6EA2 /* YXFuncScrollBaseTabSecFooterView.h */ = {isa = PBXFileReference; fileEncoding = 4; lastKnownFileType = sourcecode.c.h; path = YXFuncScrollBaseTabSecFooterView.h; sourceTree = "<group>"; };
		848E9BD42477CD49008E6EA2 /* YXFuncScrollBaseTabSecHeaderView.m */ = {isa = PBXFileReference; fileEncoding = 4; lastKnownFileType = sourcecode.c.objc; path = YXFuncScrollBaseTabSecHeaderView.m; sourceTree = "<group>"; };
		848E9BD52477CD49008E6EA2 /* YXFuncScrollBaseTabCell.h */ = {isa = PBXFileReference; fileEncoding = 4; lastKnownFileType = sourcecode.c.h; path = YXFuncScrollBaseTabCell.h; sourceTree = "<group>"; };
		848E9BD62477CD49008E6EA2 /* YXFuncScrollBaseTabView.h */ = {isa = PBXFileReference; fileEncoding = 4; lastKnownFileType = sourcecode.c.h; path = YXFuncScrollBaseTabView.h; sourceTree = "<group>"; };
		848E9BD72477CD49008E6EA2 /* YXFuncScrollBaseTabSecFooterView.m */ = {isa = PBXFileReference; fileEncoding = 4; lastKnownFileType = sourcecode.c.objc; path = YXFuncScrollBaseTabSecFooterView.m; sourceTree = "<group>"; };
		848E9BD82477CD49008E6EA2 /* YXFuncScrollBaseTabSecHeaderView.h */ = {isa = PBXFileReference; fileEncoding = 4; lastKnownFileType = sourcecode.c.h; path = YXFuncScrollBaseTabSecHeaderView.h; sourceTree = "<group>"; };
		848E9BD92477CD49008E6EA2 /* YXFuncScrollBaseTabCell.m */ = {isa = PBXFileReference; fileEncoding = 4; lastKnownFileType = sourcecode.c.objc; path = YXFuncScrollBaseTabCell.m; sourceTree = "<group>"; };
		848E9BDA2477CD49008E6EA2 /* YXFuncScrollBaseTabView.m */ = {isa = PBXFileReference; fileEncoding = 4; lastKnownFileType = sourcecode.c.objc; path = YXFuncScrollBaseTabView.m; sourceTree = "<group>"; };
		848E9BDB2477CD49008E6EA2 /* YXFuncScrollBaseView.h */ = {isa = PBXFileReference; fileEncoding = 4; lastKnownFileType = sourcecode.c.h; path = YXFuncScrollBaseView.h; sourceTree = "<group>"; };
		848E9BE22477CDA4008E6EA2 /* YXFuncCycleScrollView.h */ = {isa = PBXFileReference; lastKnownFileType = sourcecode.c.h; path = YXFuncCycleScrollView.h; sourceTree = "<group>"; };
		848E9BE32477CDA4008E6EA2 /* YXFuncCycleScrollView.m */ = {isa = PBXFileReference; lastKnownFileType = sourcecode.c.objc; path = YXFuncCycleScrollView.m; sourceTree = "<group>"; };
		848E9BE52477CEC3008E6EA2 /* YXFuncPinScrollViewController.h */ = {isa = PBXFileReference; lastKnownFileType = sourcecode.c.h; path = YXFuncPinScrollViewController.h; sourceTree = "<group>"; };
		848E9BE62477CEC3008E6EA2 /* YXFuncPinScrollViewController.m */ = {isa = PBXFileReference; lastKnownFileType = sourcecode.c.objc; path = YXFuncPinScrollViewController.m; sourceTree = "<group>"; };
		848E9BE92477D012008E6EA2 /* YXFuncCycleScrollViewVC.h */ = {isa = PBXFileReference; lastKnownFileType = sourcecode.c.h; path = YXFuncCycleScrollViewVC.h; sourceTree = "<group>"; };
		848E9BEA2477D012008E6EA2 /* YXFuncCycleScrollViewVC.m */ = {isa = PBXFileReference; lastKnownFileType = sourcecode.c.objc; path = YXFuncCycleScrollViewVC.m; sourceTree = "<group>"; };
		84EF3B16247B971C00C3CD7A /* 1.png */ = {isa = PBXFileReference; lastKnownFileType = image.png; path = 1.png; sourceTree = "<group>"; };
		84EF3B17247B971C00C3CD7A /* 4.png */ = {isa = PBXFileReference; lastKnownFileType = image.png; path = 4.png; sourceTree = "<group>"; };
		84EF3B18247B971C00C3CD7A /* 3.png */ = {isa = PBXFileReference; lastKnownFileType = image.png; path = 3.png; sourceTree = "<group>"; };
		84EF3B19247B971C00C3CD7A /* 8.png */ = {isa = PBXFileReference; lastKnownFileType = image.png; path = 8.png; sourceTree = "<group>"; };
		84EF3B1A247B971C00C3CD7A /* 7.png */ = {isa = PBXFileReference; lastKnownFileType = image.png; path = 7.png; sourceTree = "<group>"; };
		84EF3B1B247B971C00C3CD7A /* 5.png */ = {isa = PBXFileReference; lastKnownFileType = image.png; path = 5.png; sourceTree = "<group>"; };
		84EF3B1C247B971C00C3CD7A /* 6.png */ = {isa = PBXFileReference; lastKnownFileType = image.png; path = 6.png; sourceTree = "<group>"; };
		84EF3B1D247B971C00C3CD7A /* 2.png */ = {isa = PBXFileReference; lastKnownFileType = image.png; path = 2.png; sourceTree = "<group>"; };
		84EF3B2A247BA82200C3CD7A /* YXFuncCycleScrollViewValueModel.m */ = {isa = PBXFileReference; fileEncoding = 4; lastKnownFileType = sourcecode.c.objc; path = YXFuncCycleScrollViewValueModel.m; sourceTree = "<group>"; };
		84EF3B2B247BA82200C3CD7A /* YXFuncCycleScrollViewValueModel.h */ = {isa = PBXFileReference; fileEncoding = 4; lastKnownFileType = sourcecode.c.h; path = YXFuncCycleScrollViewValueModel.h; sourceTree = "<group>"; };
/* End PBXFileReference section */

/* Begin PBXFrameworksBuildPhase section */
		843752D02452B6D000EC71AF /* Frameworks */ = {
			isa = PBXFrameworksBuildPhase;
			buildActionMask = 2147483647;
			files = (
			);
			runOnlyForDeploymentPostprocessing = 0;
		};
		843752EB2452B6D200EC71AF /* Frameworks */ = {
			isa = PBXFrameworksBuildPhase;
			buildActionMask = 2147483647;
			files = (
			);
			runOnlyForDeploymentPostprocessing = 0;
		};
		843752F62452B6D200EC71AF /* Frameworks */ = {
			isa = PBXFrameworksBuildPhase;
			buildActionMask = 2147483647;
			files = (
			);
			runOnlyForDeploymentPostprocessing = 0;
		};
/* End PBXFrameworksBuildPhase section */

/* Begin PBXGroup section */
		843752CA2452B6D000EC71AF = {
			isa = PBXGroup;
			children = (
				843752D52452B6D000EC71AF /* YXFuncScrollViewTest */,
				843752F12452B6D200EC71AF /* YXFuncScrollViewTestTests */,
				843752FC2452B6D200EC71AF /* YXFuncScrollViewTestUITests */,
				843752D42452B6D000EC71AF /* Products */,
			);
			sourceTree = "<group>";
		};
		843752D42452B6D000EC71AF /* Products */ = {
			isa = PBXGroup;
			children = (
				843752D32452B6D000EC71AF /* YXFuncScrollViewTest.app */,
				843752EE2452B6D200EC71AF /* YXFuncScrollViewTestTests.xctest */,
				843752F92452B6D200EC71AF /* YXFuncScrollViewTestUITests.xctest */,
			);
			name = Products;
			sourceTree = "<group>";
		};
		843752D52452B6D000EC71AF /* YXFuncScrollViewTest */ = {
			isa = PBXGroup;
			children = (
				8437530E2452BACC00EC71AF /* YXFuncScrollView */,
				843752D62452B6D000EC71AF /* AppDelegate.h */,
				843752D72452B6D000EC71AF /* AppDelegate.m */,
				843752D92452B6D000EC71AF /* SceneDelegate.h */,
				843752DA2452B6D000EC71AF /* SceneDelegate.m */,
				843752DC2452B6D000EC71AF /* ViewController.h */,
				843752DD2452B6D000EC71AF /* ViewController.m */,
				848E9BE82477D006008E6EA2 /* YXFuncCycleScrollViewVC */,
				848E9BC92477CCF9008E6EA2 /* YXFuncPinScrollViewVC */,
				84EF3B15247B962700C3CD7A /* Img */,
				843752DF2452B6D000EC71AF /* Main.storyboard */,
				843752E22452B6D200EC71AF /* Assets.xcassets */,
				843752E42452B6D200EC71AF /* LaunchScreen.storyboard */,
				843752E72452B6D200EC71AF /* Info.plist */,
				843752E82452B6D200EC71AF /* main.m */,
			);
			path = YXFuncScrollViewTest;
			sourceTree = "<group>";
		};
		843752F12452B6D200EC71AF /* YXFuncScrollViewTestTests */ = {
			isa = PBXGroup;
			children = (
				843752F22452B6D200EC71AF /* YXFuncScrollViewTestTests.m */,
				843752F42452B6D200EC71AF /* Info.plist */,
			);
			path = YXFuncScrollViewTestTests;
			sourceTree = "<group>";
		};
		843752FC2452B6D200EC71AF /* YXFuncScrollViewTestUITests */ = {
			isa = PBXGroup;
			children = (
				843752FD2452B6D200EC71AF /* YXFuncScrollViewTestUITests.m */,
				843752FF2452B6D200EC71AF /* Info.plist */,
			);
			path = YXFuncScrollViewTestUITests;
			sourceTree = "<group>";
		};
		8437530E2452BACC00EC71AF /* YXFuncScrollView */ = {
			isa = PBXGroup;
			children = (
				848E9BE12477CD8A008E6EA2 /* YXFuncCycleScrollView */,
				848E9BD02477CD49008E6EA2 /* YXFuncPinScrollView */,
			);
			path = YXFuncScrollView;
			sourceTree = "<group>";
		};
		848E9BC92477CCF9008E6EA2 /* YXFuncPinScrollViewVC */ = {
			isa = PBXGroup;
			children = (
				848E9BE52477CEC3008E6EA2 /* YXFuncPinScrollViewController.h */,
				848E9BE62477CEC3008E6EA2 /* YXFuncPinScrollViewController.m */,
				848E9BCA2477CCF9008E6EA2 /* ShowHeaderView.h */,
				848E9BCC2477CCF9008E6EA2 /* ShowHeaderView.m */,
				848E9BCD2477CCF9008E6EA2 /* ShowDemoView.h */,
				848E9BCB2477CCF9008E6EA2 /* ShowDemoView.m */,
			);
			path = YXFuncPinScrollViewVC;
			sourceTree = "<group>";
		};
		848E9BD02477CD49008E6EA2 /* YXFuncPinScrollView */ = {
			isa = PBXGroup;
			children = (
				848E9BDB2477CD49008E6EA2 /* YXFuncScrollBaseView.h */,
				848E9BD12477CD49008E6EA2 /* YXFuncScrollBaseView.m */,
				848E9BD22477CD49008E6EA2 /* YXFuncScrollBaseTabView */,
			);
			path = YXFuncPinScrollView;
			sourceTree = "<group>";
		};
		848E9BD22477CD49008E6EA2 /* YXFuncScrollBaseTabView */ = {
			isa = PBXGroup;
			children = (
				848E9BD32477CD49008E6EA2 /* YXFuncScrollBaseTabSecFooterView.h */,
				848E9BD42477CD49008E6EA2 /* YXFuncScrollBaseTabSecHeaderView.m */,
				848E9BD52477CD49008E6EA2 /* YXFuncScrollBaseTabCell.h */,
				848E9BD62477CD49008E6EA2 /* YXFuncScrollBaseTabView.h */,
				848E9BD72477CD49008E6EA2 /* YXFuncScrollBaseTabSecFooterView.m */,
				848E9BD82477CD49008E6EA2 /* YXFuncScrollBaseTabSecHeaderView.h */,
				848E9BD92477CD49008E6EA2 /* YXFuncScrollBaseTabCell.m */,
				848E9BDA2477CD49008E6EA2 /* YXFuncScrollBaseTabView.m */,
			);
			path = YXFuncScrollBaseTabView;
			sourceTree = "<group>";
		};
		848E9BE12477CD8A008E6EA2 /* YXFuncCycleScrollView */ = {
			isa = PBXGroup;
			children = (
				84EF3B29247BA82200C3CD7A /* YXFuncCycleScrollViewValueModel */,
				848E9BE22477CDA4008E6EA2 /* YXFuncCycleScrollView.h */,
				848E9BE32477CDA4008E6EA2 /* YXFuncCycleScrollView.m */,
			);
			path = YXFuncCycleScrollView;
			sourceTree = "<group>";
		};
		848E9BE82477D006008E6EA2 /* YXFuncCycleScrollViewVC */ = {
			isa = PBXGroup;
			children = (
				848E9BE92477D012008E6EA2 /* YXFuncCycleScrollViewVC.h */,
				848E9BEA2477D012008E6EA2 /* YXFuncCycleScrollViewVC.m */,
			);
			path = YXFuncCycleScrollViewVC;
			sourceTree = "<group>";
		};
		84EF3B15247B962700C3CD7A /* Img */ = {
			isa = PBXGroup;
			children = (
				84EF3B16247B971C00C3CD7A /* 1.png */,
				84EF3B1D247B971C00C3CD7A /* 2.png */,
				84EF3B18247B971C00C3CD7A /* 3.png */,
				84EF3B17247B971C00C3CD7A /* 4.png */,
				84EF3B1B247B971C00C3CD7A /* 5.png */,
				84EF3B1C247B971C00C3CD7A /* 6.png */,
				84EF3B1A247B971C00C3CD7A /* 7.png */,
				84EF3B19247B971C00C3CD7A /* 8.png */,
			);
			path = Img;
			sourceTree = "<group>";
		};
		84EF3B29247BA82200C3CD7A /* YXFuncCycleScrollViewValueModel */ = {
			isa = PBXGroup;
			children = (
				84EF3B2B247BA82200C3CD7A /* YXFuncCycleScrollViewValueModel.h */,
				84EF3B2A247BA82200C3CD7A /* YXFuncCycleScrollViewValueModel.m */,
			);
			path = YXFuncCycleScrollViewValueModel;
			sourceTree = "<group>";
		};
/* End PBXGroup section */

/* Begin PBXNativeTarget section */
		843752D22452B6D000EC71AF /* YXFuncScrollViewTest */ = {
			isa = PBXNativeTarget;
			buildConfigurationList = 843753022452B6D200EC71AF /* Build configuration list for PBXNativeTarget "YXFuncScrollViewTest" */;
			buildPhases = (
				843752CF2452B6D000EC71AF /* Sources */,
				843752D02452B6D000EC71AF /* Frameworks */,
				843752D12452B6D000EC71AF /* Resources */,
			);
			buildRules = (
			);
			dependencies = (
			);
			name = YXFuncScrollViewTest;
			productName = YXFuncScrollViewTest;
			productReference = 843752D32452B6D000EC71AF /* YXFuncScrollViewTest.app */;
			productType = "com.apple.product-type.application";
		};
		843752ED2452B6D200EC71AF /* YXFuncScrollViewTestTests */ = {
			isa = PBXNativeTarget;
			buildConfigurationList = 843753052452B6D200EC71AF /* Build configuration list for PBXNativeTarget "YXFuncScrollViewTestTests" */;
			buildPhases = (
				843752EA2452B6D200EC71AF /* Sources */,
				843752EB2452B6D200EC71AF /* Frameworks */,
				843752EC2452B6D200EC71AF /* Resources */,
			);
			buildRules = (
			);
			dependencies = (
				843752F02452B6D200EC71AF /* PBXTargetDependency */,
			);
			name = YXFuncScrollViewTestTests;
			productName = YXFuncScrollViewTestTests;
			productReference = 843752EE2452B6D200EC71AF /* YXFuncScrollViewTestTests.xctest */;
			productType = "com.apple.product-type.bundle.unit-test";
		};
		843752F82452B6D200EC71AF /* YXFuncScrollViewTestUITests */ = {
			isa = PBXNativeTarget;
			buildConfigurationList = 843753082452B6D200EC71AF /* Build configuration list for PBXNativeTarget "YXFuncScrollViewTestUITests" */;
			buildPhases = (
				843752F52452B6D200EC71AF /* Sources */,
				843752F62452B6D200EC71AF /* Frameworks */,
				843752F72452B6D200EC71AF /* Resources */,
			);
			buildRules = (
			);
			dependencies = (
				843752FB2452B6D200EC71AF /* PBXTargetDependency */,
			);
			name = YXFuncScrollViewTestUITests;
			productName = YXFuncScrollViewTestUITests;
			productReference = 843752F92452B6D200EC71AF /* YXFuncScrollViewTestUITests.xctest */;
			productType = "com.apple.product-type.bundle.ui-testing";
		};
/* End PBXNativeTarget section */

/* Begin PBXProject section */
		843752CB2452B6D000EC71AF /* Project object */ = {
			isa = PBXProject;
			attributes = {
				LastUpgradeCheck = 1120;
				ORGANIZATIONNAME = August;
				TargetAttributes = {
					843752D22452B6D000EC71AF = {
						CreatedOnToolsVersion = 11.2.1;
					};
					843752ED2452B6D200EC71AF = {
						CreatedOnToolsVersion = 11.2.1;
						TestTargetID = 843752D22452B6D000EC71AF;
					};
					843752F82452B6D200EC71AF = {
						CreatedOnToolsVersion = 11.2.1;
						TestTargetID = 843752D22452B6D000EC71AF;
					};
				};
			};
			buildConfigurationList = 843752CE2452B6D000EC71AF /* Build configuration list for PBXProject "YXFuncScrollViewTest" */;
			compatibilityVersion = "Xcode 9.3";
			developmentRegion = en;
			hasScannedForEncodings = 0;
			knownRegions = (
				en,
				Base,
			);
			mainGroup = 843752CA2452B6D000EC71AF;
			productRefGroup = 843752D42452B6D000EC71AF /* Products */;
			projectDirPath = "";
			projectRoot = "";
			targets = (
				843752D22452B6D000EC71AF /* YXFuncScrollViewTest */,
				843752ED2452B6D200EC71AF /* YXFuncScrollViewTestTests */,
				843752F82452B6D200EC71AF /* YXFuncScrollViewTestUITests */,
			);
		};
/* End PBXProject section */

/* Begin PBXResourcesBuildPhase section */
		843752D12452B6D000EC71AF /* Resources */ = {
			isa = PBXResourcesBuildPhase;
			buildActionMask = 2147483647;
			files = (
				84EF3B25247B971C00C3CD7A /* 2.png in Resources */,
				843752E62452B6D200EC71AF /* LaunchScreen.storyboard in Resources */,
				84EF3B1E247B971C00C3CD7A /* 1.png in Resources */,
				843752E32452B6D200EC71AF /* Assets.xcassets in Resources */,
				84EF3B20247B971C00C3CD7A /* 3.png in Resources */,
				84EF3B24247B971C00C3CD7A /* 6.png in Resources */,
				84EF3B1F247B971C00C3CD7A /* 4.png in Resources */,
				843752E12452B6D000EC71AF /* Main.storyboard in Resources */,
				84EF3B23247B971C00C3CD7A /* 5.png in Resources */,
				84EF3B21247B971C00C3CD7A /* 8.png in Resources */,
				84EF3B22247B971C00C3CD7A /* 7.png in Resources */,
			);
			runOnlyForDeploymentPostprocessing = 0;
		};
		843752EC2452B6D200EC71AF /* Resources */ = {
			isa = PBXResourcesBuildPhase;
			buildActionMask = 2147483647;
			files = (
			);
			runOnlyForDeploymentPostprocessing = 0;
		};
		843752F72452B6D200EC71AF /* Resources */ = {
			isa = PBXResourcesBuildPhase;
			buildActionMask = 2147483647;
			files = (
			);
			runOnlyForDeploymentPostprocessing = 0;
		};
/* End PBXResourcesBuildPhase section */

/* Begin PBXSourcesBuildPhase section */
		843752CF2452B6D000EC71AF /* Sources */ = {
			isa = PBXSourcesBuildPhase;
			buildActionMask = 2147483647;
			files = (
				843752DE2452B6D000EC71AF /* ViewController.m in Sources */,
				848E9BDE2477CD49008E6EA2 /* YXFuncScrollBaseTabSecFooterView.m in Sources */,
				848E9BCF2477CCF9008E6EA2 /* ShowHeaderView.m in Sources */,
				84EF3B2C247BA82200C3CD7A /* YXFuncCycleScrollViewValueModel.m in Sources */,
				848E9BDD2477CD49008E6EA2 /* YXFuncScrollBaseTabSecHeaderView.m in Sources */,
				848E9BDF2477CD49008E6EA2 /* YXFuncScrollBaseTabCell.m in Sources */,
				848E9BE42477CDA4008E6EA2 /* YXFuncCycleScrollView.m in Sources */,
				848E9BEB2477D012008E6EA2 /* YXFuncCycleScrollViewVC.m in Sources */,
				848E9BCE2477CCF9008E6EA2 /* ShowDemoView.m in Sources */,
				848E9BDC2477CD49008E6EA2 /* YXFuncScrollBaseView.m in Sources */,
				848E9BE02477CD49008E6EA2 /* YXFuncScrollBaseTabView.m in Sources */,
				843752D82452B6D000EC71AF /* AppDelegate.m in Sources */,
				843752E92452B6D200EC71AF /* main.m in Sources */,
				843752DB2452B6D000EC71AF /* SceneDelegate.m in Sources */,
				848E9BE72477CEC3008E6EA2 /* YXFuncPinScrollViewController.m in Sources */,
			);
			runOnlyForDeploymentPostprocessing = 0;
		};
		843752EA2452B6D200EC71AF /* Sources */ = {
			isa = PBXSourcesBuildPhase;
			buildActionMask = 2147483647;
			files = (
				843752F32452B6D200EC71AF /* YXFuncScrollViewTestTests.m in Sources */,
			);
			runOnlyForDeploymentPostprocessing = 0;
		};
		843752F52452B6D200EC71AF /* Sources */ = {
			isa = PBXSourcesBuildPhase;
			buildActionMask = 2147483647;
			files = (
				843752FE2452B6D200EC71AF /* YXFuncScrollViewTestUITests.m in Sources */,
			);
			runOnlyForDeploymentPostprocessing = 0;
		};
/* End PBXSourcesBuildPhase section */

/* Begin PBXTargetDependency section */
		843752F02452B6D200EC71AF /* PBXTargetDependency */ = {
			isa = PBXTargetDependency;
			target = 843752D22452B6D000EC71AF /* YXFuncScrollViewTest */;
			targetProxy = 843752EF2452B6D200EC71AF /* PBXContainerItemProxy */;
		};
		843752FB2452B6D200EC71AF /* PBXTargetDependency */ = {
			isa = PBXTargetDependency;
			target = 843752D22452B6D000EC71AF /* YXFuncScrollViewTest */;
			targetProxy = 843752FA2452B6D200EC71AF /* PBXContainerItemProxy */;
		};
/* End PBXTargetDependency section */

/* Begin PBXVariantGroup section */
		843752DF2452B6D000EC71AF /* Main.storyboard */ = {
			isa = PBXVariantGroup;
			children = (
				843752E02452B6D000EC71AF /* Base */,
			);
			name = Main.storyboard;
			sourceTree = "<group>";
		};
		843752E42452B6D200EC71AF /* LaunchScreen.storyboard */ = {
			isa = PBXVariantGroup;
			children = (
				843752E52452B6D200EC71AF /* Base */,
			);
			name = LaunchScreen.storyboard;
			sourceTree = "<group>";
		};
/* End PBXVariantGroup section */

/* Begin XCBuildConfiguration section */
		843753002452B6D200EC71AF /* Debug */ = {
			isa = XCBuildConfiguration;
			buildSettings = {
				ALWAYS_SEARCH_USER_PATHS = NO;
				CLANG_ANALYZER_NONNULL = YES;
				CLANG_ANALYZER_NUMBER_OBJECT_CONVERSION = YES_AGGRESSIVE;
				CLANG_CXX_LANGUAGE_STANDARD = "gnu++14";
				CLANG_CXX_LIBRARY = "libc++";
				CLANG_ENABLE_MODULES = YES;
				CLANG_ENABLE_OBJC_ARC = YES;
				CLANG_ENABLE_OBJC_WEAK = YES;
				CLANG_WARN_BLOCK_CAPTURE_AUTORELEASING = YES;
				CLANG_WARN_BOOL_CONVERSION = YES;
				CLANG_WARN_COMMA = YES;
				CLANG_WARN_CONSTANT_CONVERSION = YES;
				CLANG_WARN_DEPRECATED_OBJC_IMPLEMENTATIONS = YES;
				CLANG_WARN_DIRECT_OBJC_ISA_USAGE = YES_ERROR;
				CLANG_WARN_DOCUMENTATION_COMMENTS = YES;
				CLANG_WARN_EMPTY_BODY = YES;
				CLANG_WARN_ENUM_CONVERSION = YES;
				CLANG_WARN_INFINITE_RECURSION = YES;
				CLANG_WARN_INT_CONVERSION = YES;
				CLANG_WARN_NON_LITERAL_NULL_CONVERSION = YES;
				CLANG_WARN_OBJC_IMPLICIT_RETAIN_SELF = YES;
				CLANG_WARN_OBJC_LITERAL_CONVERSION = YES;
				CLANG_WARN_OBJC_ROOT_CLASS = YES_ERROR;
				CLANG_WARN_RANGE_LOOP_ANALYSIS = YES;
				CLANG_WARN_STRICT_PROTOTYPES = YES;
				CLANG_WARN_SUSPICIOUS_MOVE = YES;
				CLANG_WARN_UNGUARDED_AVAILABILITY = YES_AGGRESSIVE;
				CLANG_WARN_UNREACHABLE_CODE = YES;
				CLANG_WARN__DUPLICATE_METHOD_MATCH = YES;
				COPY_PHASE_STRIP = NO;
				DEBUG_INFORMATION_FORMAT = dwarf;
				ENABLE_STRICT_OBJC_MSGSEND = YES;
				ENABLE_TESTABILITY = YES;
				GCC_C_LANGUAGE_STANDARD = gnu11;
				GCC_DYNAMIC_NO_PIC = NO;
				GCC_NO_COMMON_BLOCKS = YES;
				GCC_OPTIMIZATION_LEVEL = 0;
				GCC_PREPROCESSOR_DEFINITIONS = (
					"DEBUG=1",
					"$(inherited)",
				);
				GCC_WARN_64_TO_32_BIT_CONVERSION = YES;
				GCC_WARN_ABOUT_RETURN_TYPE = YES_ERROR;
				GCC_WARN_UNDECLARED_SELECTOR = YES;
				GCC_WARN_UNINITIALIZED_AUTOS = YES_AGGRESSIVE;
				GCC_WARN_UNUSED_FUNCTION = YES;
				GCC_WARN_UNUSED_VARIABLE = YES;
				IPHONEOS_DEPLOYMENT_TARGET = 13.2;
				MTL_ENABLE_DEBUG_INFO = INCLUDE_SOURCE;
				MTL_FAST_MATH = YES;
				ONLY_ACTIVE_ARCH = YES;
				SDKROOT = iphoneos;
			};
			name = Debug;
		};
		843753012452B6D200EC71AF /* Release */ = {
			isa = XCBuildConfiguration;
			buildSettings = {
				ALWAYS_SEARCH_USER_PATHS = NO;
				CLANG_ANALYZER_NONNULL = YES;
				CLANG_ANALYZER_NUMBER_OBJECT_CONVERSION = YES_AGGRESSIVE;
				CLANG_CXX_LANGUAGE_STANDARD = "gnu++14";
				CLANG_CXX_LIBRARY = "libc++";
				CLANG_ENABLE_MODULES = YES;
				CLANG_ENABLE_OBJC_ARC = YES;
				CLANG_ENABLE_OBJC_WEAK = YES;
				CLANG_WARN_BLOCK_CAPTURE_AUTORELEASING = YES;
				CLANG_WARN_BOOL_CONVERSION = YES;
				CLANG_WARN_COMMA = YES;
				CLANG_WARN_CONSTANT_CONVERSION = YES;
				CLANG_WARN_DEPRECATED_OBJC_IMPLEMENTATIONS = YES;
				CLANG_WARN_DIRECT_OBJC_ISA_USAGE = YES_ERROR;
				CLANG_WARN_DOCUMENTATION_COMMENTS = YES;
				CLANG_WARN_EMPTY_BODY = YES;
				CLANG_WARN_ENUM_CONVERSION = YES;
				CLANG_WARN_INFINITE_RECURSION = YES;
				CLANG_WARN_INT_CONVERSION = YES;
				CLANG_WARN_NON_LITERAL_NULL_CONVERSION = YES;
				CLANG_WARN_OBJC_IMPLICIT_RETAIN_SELF = YES;
				CLANG_WARN_OBJC_LITERAL_CONVERSION = YES;
				CLANG_WARN_OBJC_ROOT_CLASS = YES_ERROR;
				CLANG_WARN_RANGE_LOOP_ANALYSIS = YES;
				CLANG_WARN_STRICT_PROTOTYPES = YES;
				CLANG_WARN_SUSPICIOUS_MOVE = YES;
				CLANG_WARN_UNGUARDED_AVAILABILITY = YES_AGGRESSIVE;
				CLANG_WARN_UNREACHABLE_CODE = YES;
				CLANG_WARN__DUPLICATE_METHOD_MATCH = YES;
				COPY_PHASE_STRIP = NO;
				DEBUG_INFORMATION_FORMAT = "dwarf-with-dsym";
				ENABLE_NS_ASSERTIONS = NO;
				ENABLE_STRICT_OBJC_MSGSEND = YES;
				GCC_C_LANGUAGE_STANDARD = gnu11;
				GCC_NO_COMMON_BLOCKS = YES;
				GCC_WARN_64_TO_32_BIT_CONVERSION = YES;
				GCC_WARN_ABOUT_RETURN_TYPE = YES_ERROR;
				GCC_WARN_UNDECLARED_SELECTOR = YES;
				GCC_WARN_UNINITIALIZED_AUTOS = YES_AGGRESSIVE;
				GCC_WARN_UNUSED_FUNCTION = YES;
				GCC_WARN_UNUSED_VARIABLE = YES;
				IPHONEOS_DEPLOYMENT_TARGET = 13.2;
				MTL_ENABLE_DEBUG_INFO = NO;
				MTL_FAST_MATH = YES;
				SDKROOT = iphoneos;
				VALIDATE_PRODUCT = YES;
			};
			name = Release;
		};
		843753032452B6D200EC71AF /* Debug */ = {
			isa = XCBuildConfiguration;
			buildSettings = {
				ASSETCATALOG_COMPILER_APPICON_NAME = AppIcon;
				CODE_SIGN_STYLE = Automatic;
				DEVELOPMENT_TEAM = 2HSQ24Z864;
				INFOPLIST_FILE = YXFuncScrollViewTest/Info.plist;
				IPHONEOS_DEPLOYMENT_TARGET = 11.0;
				LD_RUNPATH_SEARCH_PATHS = (
					"$(inherited)",
					"@executable_path/Frameworks",
				);
				PRODUCT_BUNDLE_IDENTIFIER = com.yhx.YXFuncScrollViewTest;
				PRODUCT_NAME = "$(TARGET_NAME)";
				TARGETED_DEVICE_FAMILY = "1,2";
			};
			name = Debug;
		};
		843753042452B6D200EC71AF /* Release */ = {
			isa = XCBuildConfiguration;
			buildSettings = {
				ASSETCATALOG_COMPILER_APPICON_NAME = AppIcon;
				CODE_SIGN_STYLE = Automatic;
				DEVELOPMENT_TEAM = 2HSQ24Z864;
				INFOPLIST_FILE = YXFuncScrollViewTest/Info.plist;
				IPHONEOS_DEPLOYMENT_TARGET = 11.0;
				LD_RUNPATH_SEARCH_PATHS = (
					"$(inherited)",
					"@executable_path/Frameworks",
				);
				PRODUCT_BUNDLE_IDENTIFIER = com.yhx.YXFuncScrollViewTest;
				PRODUCT_NAME = "$(TARGET_NAME)";
				TARGETED_DEVICE_FAMILY = "1,2";
			};
			name = Release;
		};
		843753062452B6D200EC71AF /* Debug */ = {
			isa = XCBuildConfiguration;
			buildSettings = {
				BUNDLE_LOADER = "$(TEST_HOST)";
				CODE_SIGN_STYLE = Automatic;
				INFOPLIST_FILE = YXFuncScrollViewTestTests/Info.plist;
				IPHONEOS_DEPLOYMENT_TARGET = 13.2;
				LD_RUNPATH_SEARCH_PATHS = (
					"$(inherited)",
					"@executable_path/Frameworks",
					"@loader_path/Frameworks",
				);
				PRODUCT_BUNDLE_IDENTIFIER = com.yhx.YXFuncScrollViewTestTests;
				PRODUCT_NAME = "$(TARGET_NAME)";
				TARGETED_DEVICE_FAMILY = "1,2";
				TEST_HOST = "$(BUILT_PRODUCTS_DIR)/YXFuncScrollViewTest.app/YXFuncScrollViewTest";
			};
			name = Debug;
		};
		843753072452B6D200EC71AF /* Release */ = {
			isa = XCBuildConfiguration;
			buildSettings = {
				BUNDLE_LOADER = "$(TEST_HOST)";
				CODE_SIGN_STYLE = Automatic;
				INFOPLIST_FILE = YXFuncScrollViewTestTests/Info.plist;
				IPHONEOS_DEPLOYMENT_TARGET = 13.2;
				LD_RUNPATH_SEARCH_PATHS = (
					"$(inherited)",
					"@executable_path/Frameworks",
					"@loader_path/Frameworks",
				);
				PRODUCT_BUNDLE_IDENTIFIER = com.yhx.YXFuncScrollViewTestTests;
				PRODUCT_NAME = "$(TARGET_NAME)";
				TARGETED_DEVICE_FAMILY = "1,2";
				TEST_HOST = "$(BUILT_PRODUCTS_DIR)/YXFuncScrollViewTest.app/YXFuncScrollViewTest";
			};
			name = Release;
		};
		843753092452B6D200EC71AF /* Debug */ = {
			isa = XCBuildConfiguration;
			buildSettings = {
				CODE_SIGN_STYLE = Automatic;
				INFOPLIST_FILE = YXFuncScrollViewTestUITests/Info.plist;
				LD_RUNPATH_SEARCH_PATHS = (
					"$(inherited)",
					"@executable_path/Frameworks",
					"@loader_path/Frameworks",
				);
				PRODUCT_BUNDLE_IDENTIFIER = com.yhx.YXFuncScrollViewTestUITests;
				PRODUCT_NAME = "$(TARGET_NAME)";
				TARGETED_DEVICE_FAMILY = "1,2";
				TEST_TARGET_NAME = YXFuncScrollViewTest;
			};
			name = Debug;
		};
		8437530A2452B6D200EC71AF /* Release */ = {
			isa = XCBuildConfiguration;
			buildSettings = {
				CODE_SIGN_STYLE = Automatic;
				INFOPLIST_FILE = YXFuncScrollViewTestUITests/Info.plist;
				LD_RUNPATH_SEARCH_PATHS = (
					"$(inherited)",
					"@executable_path/Frameworks",
					"@loader_path/Frameworks",
				);
				PRODUCT_BUNDLE_IDENTIFIER = com.yhx.YXFuncScrollViewTestUITests;
				PRODUCT_NAME = "$(TARGET_NAME)";
				TARGETED_DEVICE_FAMILY = "1,2";
				TEST_TARGET_NAME = YXFuncScrollViewTest;
			};
			name = Release;
		};
/* End XCBuildConfiguration section */

/* Begin XCConfigurationList section */
		843752CE2452B6D000EC71AF /* Build configuration list for PBXProject "YXFuncScrollViewTest" */ = {
			isa = XCConfigurationList;
			buildConfigurations = (
				843753002452B6D200EC71AF /* Debug */,
				843753012452B6D200EC71AF /* Release */,
			);
			defaultConfigurationIsVisible = 0;
			defaultConfigurationName = Release;
		};
		843753022452B6D200EC71AF /* Build configuration list for PBXNativeTarget "YXFuncScrollViewTest" */ = {
			isa = XCConfigurationList;
			buildConfigurations = (
				843753032452B6D200EC71AF /* Debug */,
				843753042452B6D200EC71AF /* Release */,
			);
			defaultConfigurationIsVisible = 0;
			defaultConfigurationName = Release;
		};
		843753052452B6D200EC71AF /* Build configuration list for PBXNativeTarget "YXFuncScrollViewTestTests" */ = {
			isa = XCConfigurationList;
			buildConfigurations = (
				843753062452B6D200EC71AF /* Debug */,
				843753072452B6D200EC71AF /* Release */,
			);
			defaultConfigurationIsVisible = 0;
			defaultConfigurationName = Release;
		};
		843753082452B6D200EC71AF /* Build configuration list for PBXNativeTarget "YXFuncScrollViewTestUITests" */ = {
			isa = XCConfigurationList;
			buildConfigurations = (
				843753092452B6D200EC71AF /* Debug */,
				8437530A2452B6D200EC71AF /* Release */,
			);
			defaultConfigurationIsVisible = 0;
			defaultConfigurationName = Release;
		};
/* End XCConfigurationList section */
	};
	rootObject = 843752CB2452B6D000EC71AF /* Project object */;
}
